
Microsoft Visual Studio Solution File, Format Version 12.00
# Visual Studio Version 16
VisualStudioVersion = 16.0.29613.14
MinimumVisualStudioVersion = 10.0.40219.1
Project("{8BC9CEB8-8B4A-11D0-8D11-00A0C91BC942}") = "Monotonnost", "Monotonnost.vcxproj", "{112AE26A-8671-4C37-BF93-096ECDE01269}"
EndProject
Global
	GlobalSection(SolutionConfigurationPlatforms) = preSolution
		Debug|x64 = Debug|x64
		Debug|x86 = Debug|x86
		Release|x64 = Release|x64
		Release|x86 = Release|x86
	EndGlobalSection
	GlobalSection(ProjectConfigurationPlatforms) = postSolution
		{112AE26A-8671-4C37-BF93-096ECDE01269}.Debug|x64.ActiveCfg = Debug|x64
		{112AE26A-8671-4C37-BF93-096ECDE01269}.Debug|x64.Build.0 = Debug|x64
		{112AE26A-8671-4C37-BF93-096ECDE01269}.Debug|x86.ActiveCfg = Debug|Win32
		{112AE26A-8671-4C37-BF93-096ECDE01269}.Debug|x86.Build.0 = Debug|Win32
		{112AE26A-8671-4C37-BF93-096ECDE01269}.Release|x64.ActiveCfg = Release|x64
		{112AE26A-8671-4C37-BF93-096ECDE01269}.Release|x64.Build.0 = Release|x64
		{112AE26A-8671-4C37-BF93-096ECDE01269}.Release|x86.ActiveCfg = Release|Win32
		{112AE26A-8671-4C37-BF93-096ECDE01269}.Release|x86.Build.0 = Release|Win32
	EndGlobalSection
	GlobalSection(SolutionProperties) = preSolution
		HideSolutionNode = FALSE
	EndGlobalSection
	GlobalSection(ExtensibilityGlobals) = postSolution
		SolutionGuid = {9F7712F8-1C97-4E46-A43B-51F5895C7D92}
	EndGlobalSection
EndGlobal
